
Microsoft Visual Studio Solution File, Format Version 12.00
# Visual Studio Version 16
VisualStudioVersion = 16.0.31129.286
MinimumVisualStudioVersion = 10.0.40219.1
Project("{9A19103F-16F7-4668-BE54-9A1E7A4F7556}") = "_1Sorting_BubbleSort_Worst_Case", "_1Sorting_BubbleSort_Worst_Case\_1Sorting_BubbleSort_Worst_Case.csproj", "{1E542B42-1332-4E4B-83F7-3F8628E9C104}"
EndProject
Project("{9A19103F-16F7-4668-BE54-9A1E7A4F7556}") = "_2Sorting_BubbleSort_Better_Approach", "_2Sorting_BubbleSort_Better_Approach\_2Sorting_BubbleSort_Better_Approach.csproj", "{861ED798-BF5B-4592-AE19-6412D570DC11}"
EndProject
Project("{FAE04EC0-301F-11D3-BF4B-00C04F79EFBC}") = "_3Insertion_Sort_Worse_Case", "_3Insertion_Sort_Worse_Case\_3Insertion_Sort_Worse_Case.csproj", "{2CD5CBF5-DD8D-42AD-B2A2-31DF606C5BC2}"
EndProject
Global
	GlobalSection(SolutionConfigurationPlatforms) = preSolution
		Debug|Any CPU = Debug|Any CPU
		Release|Any CPU = Release|Any CPU
	EndGlobalSection
	GlobalSection(ProjectConfigurationPlatforms) = postSolution
		{1E542B42-1332-4E4B-83F7-3F8628E9C104}.Debug|Any CPU.ActiveCfg = Debug|Any CPU
		{1E542B42-1332-4E4B-83F7-3F8628E9C104}.Debug|Any CPU.Build.0 = Debug|Any CPU
		{1E542B42-1332-4E4B-83F7-3F8628E9C104}.Release|Any CPU.ActiveCfg = Release|Any CPU
		{1E542B42-1332-4E4B-83F7-3F8628E9C104}.Release|Any CPU.Build.0 = Release|Any CPU
		{861ED798-BF5B-4592-AE19-6412D570DC11}.Debug|Any CPU.ActiveCfg = Debug|Any CPU
		{861ED798-BF5B-4592-AE19-6412D570DC11}.Debug|Any CPU.Build.0 = Debug|Any CPU
		{861ED798-BF5B-4592-AE19-6412D570DC11}.Release|Any CPU.ActiveCfg = Release|Any CPU
		{861ED798-BF5B-4592-AE19-6412D570DC11}.Release|Any CPU.Build.0 = Release|Any CPU
		{2CD5CBF5-DD8D-42AD-B2A2-31DF606C5BC2}.Debug|Any CPU.ActiveCfg = Debug|Any CPU
		{2CD5CBF5-DD8D-42AD-B2A2-31DF606C5BC2}.Debug|Any CPU.Build.0 = Debug|Any CPU
		{2CD5CBF5-DD8D-42AD-B2A2-31DF606C5BC2}.Release|Any CPU.ActiveCfg = Release|Any CPU
		{2CD5CBF5-DD8D-42AD-B2A2-31DF606C5BC2}.Release|Any CPU.Build.0 = Release|Any CPU
	EndGlobalSection
	GlobalSection(SolutionProperties) = preSolution
		HideSolutionNode = FALSE
	EndGlobalSection
	GlobalSection(ExtensibilityGlobals) = postSolution
		SolutionGuid = {79A76F86-3076-4D21-AB48-8C80685E359A}
	EndGlobalSection
EndGlobal
